
Microsoft Visual Studio Solution File, Format Version 12.00
# Visual Studio Version 16
VisualStudioVersion = 16.0.30717.126
MinimumVisualStudioVersion = 10.0.40219.1
Project("{FAE04EC0-301F-11D3-BF4B-00C04F79EFBC}") = "Devtros-POS", "Devtros-POS\Devtros-POS.csproj", "{A7CFF0F8-D17E-431A-84FD-E60C2959DBE0}"
EndProject
Global
	GlobalSection(SolutionConfigurationPlatforms) = preSolution
		Debug|Any CPU = Debug|Any CPU
		Release|Any CPU = Release|Any CPU
	EndGlobalSection
	GlobalSection(ProjectConfigurationPlatforms) = postSolution
		{A7CFF0F8-D17E-431A-84FD-E60C2959DBE0}.Debug|Any CPU.ActiveCfg = Debug|Any CPU
		{A7CFF0F8-D17E-431A-84FD-E60C2959DBE0}.Debug|Any CPU.Build.0 = Debug|Any CPU
		{A7CFF0F8-D17E-431A-84FD-E60C2959DBE0}.Release|Any CPU.ActiveCfg = Release|Any CPU
		{A7CFF0F8-D17E-431A-84FD-E60C2959DBE0}.Release|Any CPU.Build.0 = Release|Any CPU
	EndGlobalSection
	GlobalSection(SolutionProperties) = preSolution
		HideSolutionNode = FALSE
	EndGlobalSection
	GlobalSection(ExtensibilityGlobals) = postSolution
		SolutionGuid = {3AE67F38-FDDE-456D-8628-92ECD0964D65}
	EndGlobalSection
EndGlobal
